# Generated by buf. DO NOT EDIT.
version: v1
deps:
  - remote: buf.build
    owner: cncf
    repository: xds
    commit: 0492166643854ea08814f4349286f9cb
  - remote: buf.build
    owner: envoyproxy
    repository: envoy
    commit: 14eefb0da6dc45b784fc05e55e66326d
  - remote: buf.build
    owner: envoyproxy
    repository: protoc-gen-validate
    commit: dc09a417d27241f7b069feae2cd74a0e
  - remote: buf.build
    owner: googleapis
    repository: googleapis
    commit: fdc236b6d1644b29a6161156ce08d8a2
  - remote: buf.build
    owner: grpc
    repository: grpc
    commit: 40b550c256324a8f85ba933e92479f95
  - remote: buf.build
    owner: grpc-ecosystem
    repository: grpc-gateway
    commit: 00116f302b12478b85deb33b734e026c
  - remote: buf.build
    owner: nvxx
    repository: protopatch
    commit: ef95e8420acb4e438d230a2f05895d78
  - remote: buf.build
    owner: opencensus
    repository: opencensus
    commit: d1d7ccd1281e4f42ab7ce9a7d2b29e33
  - remote: buf.build
    owner: opentelemetry
    repository: opentelemetry
    commit: 509848662be44e4d8aaf9189f6e6ab01
  - remote: buf.build
    owner: prometheus
    repository: client-model
    commit: 1d56a02d481a412a83b3c4984eb90c2e
